{
  "projects": [
    {
      "projectId": "28Ba3BDvRe7EiWdfFNnLB6",
      "version": "2.12.2",
      "dependencies": {},
      "lang": "js",
      "fileLocks": [
        {
          "assetId": "28Ba3BDvRe7EiWdfFNnLB6",
          "type": "projectCss",
          "checksum": "740650b05472db4e42801b334405144a"
        }
      ],
      "codegenVersion": "0.0.1"
    },
    {
      "projectId": "jLAmXkGdPPYDvKpL9j3cJd",
      "version": "latest",
      "dependencies": {
        "28Ba3BDvRe7EiWdfFNnLB6": "2.12.2"
      },
      "lang": "js",
      "fileLocks": [
        {
          "type": "globalVariant",
          "assetId": "kILw5uiAaS1uF",
          "checksum": "3e055321503df75f1c7ebd2c28d02127"
        },
        {
          "type": "renderModule",
          "assetId": "skdcktnuML",
          "checksum": "4d709eab0bd8ce7a97176952e765cb99"
        },
        {
          "type": "cssRules",
          "assetId": "skdcktnuML",
          "checksum": "4d709eab0bd8ce7a97176952e765cb99"
        },
        {
          "type": "renderModule",
          "assetId": "16yj8MRmRBT",
          "checksum": "e349cee86f5e7a962a111b2ac5c78602"
        },
        {
          "type": "cssRules",
          "assetId": "16yj8MRmRBT",
          "checksum": "e349cee86f5e7a962a111b2ac5c78602"
        },
        {
          "type": "renderModule",
          "assetId": "MOzF3Fhy2s",
          "checksum": "f1bf24585b581931459fe48e4cfd32ac"
        },
        {
          "type": "cssRules",
          "assetId": "MOzF3Fhy2s",
          "checksum": "f1bf24585b581931459fe48e4cfd32ac"
        },
        {
          "type": "renderModule",
          "assetId": "qDyfn4Gje2P",
          "checksum": "7bbfcd285e2e432c9680709dc7a38928"
        },
        {
          "type": "cssRules",
          "assetId": "qDyfn4Gje2P",
          "checksum": "7bbfcd285e2e432c9680709dc7a38928"
        },
        {
          "type": "renderModule",
          "assetId": "C5n9cmwHg6f",
          "checksum": "1af9435b9a2f7489b91711641a3c0298"
        },
        {
          "type": "cssRules",
          "assetId": "C5n9cmwHg6f",
          "checksum": "1af9435b9a2f7489b91711641a3c0298"
        },
        {
          "type": "icon",
          "assetId": "jB6EtyTQhe5UX",
          "checksum": "01bf455c34c4b9bd50d9bb77cedc3db5"
        },
        {
          "type": "icon",
          "assetId": "aExR7mqu1-8",
          "checksum": "74840f5be2b923dc032484c6ee5cec3b"
        },
        {
          "type": "icon",
          "assetId": "nRPVX95eDxZ",
          "checksum": "713384925aab67294c0549d78c323faa"
        },
        {
          "type": "icon",
          "assetId": "UAy27vUVGueJ",
          "checksum": "6eb1dce5c47d924faa4ed75962dbba01"
        },
        {
          "type": "icon",
          "assetId": "TgLbINC6PndC",
          "checksum": "450ff7d32f3a2e2cfcff0eabea1c545c"
        },
        {
          "type": "icon",
          "assetId": "g1j_XxrLjbNK",
          "checksum": "83dde5b4fa82b14087016718ae128fdf"
        },
        {
          "type": "image",
          "assetId": "ssY4eBd6pFnM",
          "checksum": "bbb96691d019b50062d2a3248b92cc28"
        },
        {
          "type": "image",
          "assetId": "zO4AW2aiVX6W",
          "checksum": "17ec8499216a2b6e57ca2c1db4218740"
        },
        {
          "type": "image",
          "assetId": "1IXdevbAzNR0",
          "checksum": "a5ae3acdc8662105fedb7cb5a95ecc00"
        },
        {
          "type": "image",
          "assetId": "3IQtekgXA-cu",
          "checksum": "b2bf103a75bdef29ceed0fed34eaaebe"
        },
        {
          "type": "image",
          "assetId": "lbH9x9KhVAoJ",
          "checksum": "768dd9d7538264a8c4344e019c82c0a4"
        },
        {
          "type": "image",
          "assetId": "O2DZIJuvmhEh",
          "checksum": "3c285997d772d78fae24d2df7a72fb33"
        },
        {
          "type": "image",
          "assetId": "brOcscg1GAf7",
          "checksum": "df83b05f20f6828138a00e47e9148a53"
        },
        {
          "type": "image",
          "assetId": "Lfl1AgRskz8j",
          "checksum": "913536724b128e8a7de5462af40325eb"
        },
        {
          "type": "image",
          "assetId": "kyUeVzWHAJZH",
          "checksum": "48c5befbbce9185b8bf160c74e799867"
        },
        {
          "type": "image",
          "assetId": "XudyNt_nOUOC",
          "checksum": "2a41cbd8a159666d95ae17137dd96ad7"
        },
        {
          "type": "image",
          "assetId": "b_G6YVpYtoi1",
          "checksum": "d7bfbd110766b754d00032bf2ab8d429"
        },
        {
          "type": "image",
          "assetId": "qTJ9Fp2_1ypq",
          "checksum": "02dbe48c0396adc9a4d16cffa99330fa"
        },
        {
          "type": "image",
          "assetId": "Oy5yWPkj7",
          "checksum": "49457597cfb6f52a29d61fe603da1f5f"
        },
        {
          "type": "image",
          "assetId": "zaBuynH_G",
          "checksum": "0133ea479824f03d78fcfa024921d1cf"
        },
        {
          "type": "image",
          "assetId": "YhFYw-awD",
          "checksum": "25db00149f6dd43aad3160fa367b0b03"
        },
        {
          "type": "image",
          "assetId": "IWxwm9VuZ",
          "checksum": "ef0ae5f8090b50545d5ad86ab9054edd"
        },
        {
          "type": "image",
          "assetId": "5UIvmRLOr",
          "checksum": "89d7d462503902156b020a3113929b6d"
        },
        {
          "type": "image",
          "assetId": "hyxjcYqpG7",
          "checksum": "30ec5584840d57f1a78f04f69674fa68"
        },
        {
          "type": "image",
          "assetId": "odeblsO1Yj",
          "checksum": "eb9ff584321d930b926aca136567f11f"
        },
        {
          "type": "image",
          "assetId": "oXHQeqkJR",
          "checksum": "688bfc97ceac57da6bb8605bd8987da3"
        },
        {
          "type": "image",
          "assetId": "65kNczT0e",
          "checksum": "5a8939636a7569b649464979466004b8"
        },
        {
          "type": "image",
          "assetId": "DBFq2ZNDc",
          "checksum": "1797423b29b5b073b866fc3e48389655"
        },
        {
          "assetId": "jLAmXkGdPPYDvKpL9j3cJd",
          "type": "projectCss",
          "checksum": "276b42b62e9d74e2a5cb400d7b08d934"
        }
      ],
      "codegenVersion": "0.0.1"
    }
  ],
  "cliVersion": "0.1.178"
}
